// !$*UTF8*$!
{
	archiveVersion = 1;
	classes = {
	};
	objectVersion = 50;
	objects = {

/* Begin PBXBuildFile section */
		33A273D4266905EE00F04A9F /* AppDelegate.swift in Sources */ = {isa = PBXBuildFile; fileRef = 33A273D3266905EE00F04A9F /* AppDelegate.swift */; };
		33A273D6266905EE00F04A9F /* SceneDelegate.swift in Sources */ = {isa = PBXBuildFile; fileRef = 33A273D5266905EE00F04A9F /* SceneDelegate.swift */; };
		33A273DB266905EE00F04A9F /* Main.storyboard in Resources */ = {isa = PBXBuildFile; fileRef = 33A273D9266905EE00F04A9F /* Main.storyboard */; };
		33A273DD266905EF00F04A9F /* Assets.xcassets in Resources */ = {isa = PBXBuildFile; fileRef = 33A273DC266905EF00F04A9F /* Assets.xcassets */; };
		33A273E0266905EF00F04A9F /* LaunchScreen.storyboard in Resources */ = {isa = PBXBuildFile; fileRef = 33A273DE266905EF00F04A9F /* LaunchScreen.storyboard */; };
		33A273EB266905F000F04A9F /* MemoAppTests.swift in Sources */ = {isa = PBXBuildFile; fileRef = 33A273EA266905F000F04A9F /* MemoAppTests.swift */; };
		33A273F6266905F000F04A9F /* MemoAppUITests.swift in Sources */ = {isa = PBXBuildFile; fileRef = 33A273F5266905F000F04A9F /* MemoAppUITests.swift */; };
		33A274072669087400F04A9F /* MemoTableViewController.swift in Sources */ = {isa = PBXBuildFile; fileRef = 33A274062669087400F04A9F /* MemoTableViewController.swift */; };
		33A2740C26690D2B00F04A9F /* MemoViewController.swift in Sources */ = {isa = PBXBuildFile; fileRef = 33A2740B26690D2B00F04A9F /* MemoViewController.swift */; };
/* End PBXBuildFile section */

/* Begin PBXContainerItemProxy section */
		33A273E7266905F000F04A9F /* PBXContainerItemProxy */ = {
			isa = PBXContainerItemProxy;
			containerPortal = 33A273C8266905EE00F04A9F /* Project object */;
			proxyType = 1;
			remoteGlobalIDString = 33A273CF266905EE00F04A9F;
			remoteInfo = MemoApp;
		};
		33A273F2266905F000F04A9F /* PBXContainerItemProxy */ = {
			isa = PBXContainerItemProxy;
			containerPortal = 33A273C8266905EE00F04A9F /* Project object */;
			proxyType = 1;
			remoteGlobalIDString = 33A273CF266905EE00F04A9F;
			remoteInfo = MemoApp;
		};
/* End PBXContainerItemProxy section */

/* Begin PBXFileReference section */
		33A273D0266905EE00F04A9F /* MemoApp.app */ = {isa = PBXFileReference; explicitFileType = wrapper.application; includeInIndex = 0; path = MemoApp.app; sourceTree = BUILT_PRODUCTS_DIR; };
		33A273D3266905EE00F04A9F /* AppDelegate.swift */ = {isa = PBXFileReference; lastKnownFileType = sourcecode.swift; path = AppDelegate.swift; sourceTree = "<group>"; };
		33A273D5266905EE00F04A9F /* SceneDelegate.swift */ = {isa = PBXFileReference; lastKnownFileType = sourcecode.swift; path = SceneDelegate.swift; sourceTree = "<group>"; };
		33A273DA266905EE00F04A9F /* Base */ = {isa = PBXFileReference; lastKnownFileType = file.storyboard; name = Base; path = Base.lproj/Main.storyboard; sourceTree = "<group>"; };
		33A273DC266905EF00F04A9F /* Assets.xcassets */ = {isa = PBXFileReference; lastKnownFileType = folder.assetcatalog; path = Assets.xcassets; sourceTree = "<group>"; };
		33A273DF266905EF00F04A9F /* Base */ = {isa = PBXFileReference; lastKnownFileType = file.storyboard; name = Base; path = Base.lproj/LaunchScreen.storyboard; sourceTree = "<group>"; };
		33A273E1266905EF00F04A9F /* Info.plist */ = {isa = PBXFileReference; lastKnownFileType = text.plist.xml; path = Info.plist; sourceTree = "<group>"; };
		33A273E6266905F000F04A9F /* MemoAppTests.xctest */ = {isa = PBXFileReference; explicitFileType = wrapper.cfbundle; includeInIndex = 0; path = MemoAppTests.xctest; sourceTree = BUILT_PRODUCTS_DIR; };
		33A273EA266905F000F04A9F /* MemoAppTests.swift */ = {isa = PBXFileReference; lastKnownFileType = sourcecode.swift; path = MemoAppTests.swift; sourceTree = "<group>"; };
		33A273EC266905F000F04A9F /* Info.plist */ = {isa = PBXFileReference; lastKnownFileType = text.plist.xml; path = Info.plist; sourceTree = "<group>"; };
		33A273F1266905F000F04A9F /* MemoAppUITests.xctest */ = {isa = PBXFileReference; explicitFileType = wrapper.cfbundle; includeInIndex = 0; path = MemoAppUITests.xctest; sourceTree = BUILT_PRODUCTS_DIR; };
		33A273F5266905F000F04A9F /* MemoAppUITests.swift */ = {isa = PBXFileReference; lastKnownFileType = sourcecode.swift; path = MemoAppUITests.swift; sourceTree = "<group>"; };
		33A273F7266905F000F04A9F /* Info.plist */ = {isa = PBXFileReference; lastKnownFileType = text.plist.xml; path = Info.plist; sourceTree = "<group>"; };
		33A274062669087400F04A9F /* MemoTableViewController.swift */ = {isa = PBXFileReference; lastKnownFileType = sourcecode.swift; path = MemoTableViewController.swift; sourceTree = "<group>"; };
		33A2740B26690D2B00F04A9F /* MemoViewController.swift */ = {isa = PBXFileReference; lastKnownFileType = sourcecode.swift; path = MemoViewController.swift; sourceTree = "<group>"; };
/* End PBXFileReference section */

/* Begin PBXFrameworksBuildPhase section */
		33A273CD266905EE00F04A9F /* Frameworks */ = {
			isa = PBXFrameworksBuildPhase;
			buildActionMask = 2147483647;
			files = (
			);
			runOnlyForDeploymentPostprocessing = 0;
		};
		33A273E3266905F000F04A9F /* Frameworks */ = {
			isa = PBXFrameworksBuildPhase;
			buildActionMask = 2147483647;
			files = (
			);
			runOnlyForDeploymentPostprocessing = 0;
		};
		33A273EE266905F000F04A9F /* Frameworks */ = {
			isa = PBXFrameworksBuildPhase;
			buildActionMask = 2147483647;
			files = (
			);
			runOnlyForDeploymentPostprocessing = 0;
		};
/* End PBXFrameworksBuildPhase section */

/* Begin PBXGroup section */
		33A273C7266905EE00F04A9F = {
			isa = PBXGroup;
			children = (
				33A273D2266905EE00F04A9F /* MemoApp */,
				33A273E9266905F000F04A9F /* MemoAppTests */,
				33A273F4266905F000F04A9F /* MemoAppUITests */,
				33A273D1266905EE00F04A9F /* Products */,
			);
			sourceTree = "<group>";
		};
		33A273D1266905EE00F04A9F /* Products */ = {
			isa = PBXGroup;
			children = (
				33A273D0266905EE00F04A9F /* MemoApp.app */,
				33A273E6266905F000F04A9F /* MemoAppTests.xctest */,
				33A273F1266905F000F04A9F /* MemoAppUITests.xctest */,
			);
			name = Products;
			sourceTree = "<group>";
		};
		33A273D2266905EE00F04A9F /* MemoApp */ = {
			isa = PBXGroup;
			children = (
				33A273D3266905EE00F04A9F /* AppDelegate.swift */,
				33A273D5266905EE00F04A9F /* SceneDelegate.swift */,
				33A273D9266905EE00F04A9F /* Main.storyboard */,
				33A2740B26690D2B00F04A9F /* MemoViewController.swift */,
				33A274062669087400F04A9F /* MemoTableViewController.swift */,
				33A273DC266905EF00F04A9F /* Assets.xcassets */,
				33A273DE266905EF00F04A9F /* LaunchScreen.storyboard */,
				33A273E1266905EF00F04A9F /* Info.plist */,
			);
			path = MemoApp;
			sourceTree = "<group>";
		};
		33A273E9266905F000F04A9F /* MemoAppTests */ = {
			isa = PBXGroup;
			children = (
				33A273EA266905F000F04A9F /* MemoAppTests.swift */,
				33A273EC266905F000F04A9F /* Info.plist */,
			);
			path = MemoAppTests;
			sourceTree = "<group>";
		};
		33A273F4266905F000F04A9F /* MemoAppUITests */ = {
			isa = PBXGroup;
			children = (
				33A273F5266905F000F04A9F /* MemoAppUITests.swift */,
				33A273F7266905F000F04A9F /* Info.plist */,
			);
			path = MemoAppUITests;
			sourceTree = "<group>";
		};
/* End PBXGroup section */

/* Begin PBXNativeTarget section */
		33A273CF266905EE00F04A9F /* MemoApp */ = {
			isa = PBXNativeTarget;
			buildConfigurationList = 33A273FA266905F000F04A9F /* Build configuration list for PBXNativeTarget "MemoApp" */;
			buildPhases = (
				33A273CC266905EE00F04A9F /* Sources */,
				33A273CD266905EE00F04A9F /* Frameworks */,
				33A273CE266905EE00F04A9F /* Resources */,
			);
			buildRules = (
			);
			dependencies = (
			);
			name = MemoApp;
			productName = MemoApp;
			productReference = 33A273D0266905EE00F04A9F /* MemoApp.app */;
			productType = "com.apple.product-type.application";
		};
		33A273E5266905F000F04A9F /* MemoAppTests */ = {
			isa = PBXNativeTarget;
			buildConfigurationList = 33A273FD266905F000F04A9F /* Build configuration list for PBXNativeTarget "MemoAppTests" */;
			buildPhases = (
				33A273E2266905F000F04A9F /* Sources */,
				33A273E3266905F000F04A9F /* Frameworks */,
				33A273E4266905F000F04A9F /* Resources */,
			);
			buildRules = (
			);
			dependencies = (
				33A273E8266905F000F04A9F /* PBXTargetDependency */,
			);
			name = MemoAppTests;
			productName = MemoAppTests;
			productReference = 33A273E6266905F000F04A9F /* MemoAppTests.xctest */;
			productType = "com.apple.product-type.bundle.unit-test";
		};
		33A273F0266905F000F04A9F /* MemoAppUITests */ = {
			isa = PBXNativeTarget;
			buildConfigurationList = 33A27400266905F000F04A9F /* Build configuration list for PBXNativeTarget "MemoAppUITests" */;
			buildPhases = (
				33A273ED266905F000F04A9F /* Sources */,
				33A273EE266905F000F04A9F /* Frameworks */,
				33A273EF266905F000F04A9F /* Resources */,
			);
			buildRules = (
			);
			dependencies = (
				33A273F3266905F000F04A9F /* PBXTargetDependency */,
			);
			name = MemoAppUITests;
			productName = MemoAppUITests;
			productReference = 33A273F1266905F000F04A9F /* MemoAppUITests.xctest */;
			productType = "com.apple.product-type.bundle.ui-testing";
		};
/* End PBXNativeTarget section */

/* Begin PBXProject section */
		33A273C8266905EE00F04A9F /* Project object */ = {
			isa = PBXProject;
			attributes = {
				LastSwiftUpdateCheck = 1240;
				LastUpgradeCheck = 1240;
				TargetAttributes = {
					33A273CF266905EE00F04A9F = {
						CreatedOnToolsVersion = 12.4;
					};
					33A273E5266905F000F04A9F = {
						CreatedOnToolsVersion = 12.4;
						TestTargetID = 33A273CF266905EE00F04A9F;
					};
					33A273F0266905F000F04A9F = {
						CreatedOnToolsVersion = 12.4;
						TestTargetID = 33A273CF266905EE00F04A9F;
					};
				};
			};
			buildConfigurationList = 33A273CB266905EE00F04A9F /* Build configuration list for PBXProject "MemoApp" */;
			compatibilityVersion = "Xcode 9.3";
			developmentRegion = en;
			hasScannedForEncodings = 0;
			knownRegions = (
				en,
				Base,
			);
			mainGroup = 33A273C7266905EE00F04A9F;
			productRefGroup = 33A273D1266905EE00F04A9F /* Products */;
			projectDirPath = "";
			projectRoot = "";
			targets = (
				33A273CF266905EE00F04A9F /* MemoApp */,
				33A273E5266905F000F04A9F /* MemoAppTests */,
				33A273F0266905F000F04A9F /* MemoAppUITests */,
			);
		};
/* End PBXProject section */

/* Begin PBXResourcesBuildPhase section */
		33A273CE266905EE00F04A9F /* Resources */ = {
			isa = PBXResourcesBuildPhase;
			buildActionMask = 2147483647;
			files = (
				33A273E0266905EF00F04A9F /* LaunchScreen.storyboard in Resources */,
				33A273DD266905EF00F04A9F /* Assets.xcassets in Resources */,
				33A273DB266905EE00F04A9F /* Main.storyboard in Resources */,
			);
			runOnlyForDeploymentPostprocessing = 0;
		};
		33A273E4266905F000F04A9F /* Resources */ = {
			isa = PBXResourcesBuildPhase;
			buildActionMask = 2147483647;
			files = (
			);
			runOnlyForDeploymentPostprocessing = 0;
		};
		33A273EF266905F000F04A9F /* Resources */ = {
			isa = PBXResourcesBuildPhase;
			buildActionMask = 2147483647;
			files = (
			);
			runOnlyForDeploymentPostprocessing = 0;
		};
/* End PBXResourcesBuildPhase section */

/* Begin PBXSourcesBuildPhase section */
		33A273CC266905EE00F04A9F /* Sources */ = {
			isa = PBXSourcesBuildPhase;
			buildActionMask = 2147483647;
			files = (
				33A2740C26690D2B00F04A9F /* MemoViewController.swift in Sources */,
				33A274072669087400F04A9F /* MemoTableViewController.swift in Sources */,
				33A273D4266905EE00F04A9F /* AppDelegate.swift in Sources */,
				33A273D6266905EE00F04A9F /* SceneDelegate.swift in Sources */,
			);
			runOnlyForDeploymentPostprocessing = 0;
		};
		33A273E2266905F000F04A9F /* Sources */ = {
			isa = PBXSourcesBuildPhase;
			buildActionMask = 2147483647;
			files = (
				33A273EB266905F000F04A9F /* MemoAppTests.swift in Sources */,
			);
			runOnlyForDeploymentPostprocessing = 0;
		};
		33A273ED266905F000F04A9F /* Sources */ = {
			isa = PBXSourcesBuildPhase;
			buildActionMask = 2147483647;
			files = (
				33A273F6266905F000F04A9F /* MemoAppUITests.swift in Sources */,
			);
			runOnlyForDeploymentPostprocessing = 0;
		};
/* End PBXSourcesBuildPhase section */

/* Begin PBXTargetDependency section */
		33A273E8266905F000F04A9F /* PBXTargetDependency */ = {
			isa = PBXTargetDependency;
			target = 33A273CF266905EE00F04A9F /* MemoApp */;
			targetProxy = 33A273E7266905F000F04A9F /* PBXContainerItemProxy */;
		};
		33A273F3266905F000F04A9F /* PBXTargetDependency */ = {
			isa = PBXTargetDependency;
			target = 33A273CF266905EE00F04A9F /* MemoApp */;
			targetProxy = 33A273F2266905F000F04A9F /* PBXContainerItemProxy */;
		};
/* End PBXTargetDependency section */

/* Begin PBXVariantGroup section */
		33A273D9266905EE00F04A9F /* Main.storyboard */ = {
			isa = PBXVariantGroup;
			children = (
				33A273DA266905EE00F04A9F /* Base */,
			);
			name = Main.storyboard;
			sourceTree = "<group>";
		};
		33A273DE266905EF00F04A9F /* LaunchScreen.storyboard */ = {
			isa = PBXVariantGroup;
			children = (
				33A273DF266905EF00F04A9F /* Base */,
			);
			name = LaunchScreen.storyboard;
			sourceTree = "<group>";
		};
/* End PBXVariantGroup section */

/* Begin XCBuildConfiguration section */
		33A273F8266905F000F04A9F /* Debug */ = {
			isa = XCBuildConfiguration;
			buildSettings = {
				ALWAYS_SEARCH_USER_PATHS = NO;
				CLANG_ANALYZER_NONNULL = YES;
				CLANG_ANALYZER_NUMBER_OBJECT_CONVERSION = YES_AGGRESSIVE;
				CLANG_CXX_LANGUAGE_STANDARD = "gnu++14";
				CLANG_CXX_LIBRARY = "libc++";
				CLANG_ENABLE_MODULES = YES;
				CLANG_ENABLE_OBJC_ARC = YES;
				CLANG_ENABLE_OBJC_WEAK = YES;
				CLANG_WARN_BLOCK_CAPTURE_AUTORELEASING = YES;
				CLANG_WARN_BOOL_CONVERSION = YES;
				CLANG_WARN_COMMA = YES;
				CLANG_WARN_CONSTANT_CONVERSION = YES;
				CLANG_WARN_DEPRECATED_OBJC_IMPLEMENTATIONS = YES;
				CLANG_WARN_DIRECT_OBJC_ISA_USAGE = YES_ERROR;
				CLANG_WARN_DOCUMENTATION_COMMENTS = YES;
				CLANG_WARN_EMPTY_BODY = YES;
				CLANG_WARN_ENUM_CONVERSION = YES;
				CLANG_WARN_INFINITE_RECURSION = YES;
				CLANG_WARN_INT_CONVERSION = YES;
				CLANG_WARN_NON_LITERAL_NULL_CONVERSION = YES;
				CLANG_WARN_OBJC_IMPLICIT_RETAIN_SELF = YES;
				CLANG_WARN_OBJC_LITERAL_CONVERSION = YES;
				CLANG_WARN_OBJC_ROOT_CLASS = YES_ERROR;
				CLANG_WARN_QUOTED_INCLUDE_IN_FRAMEWORK_HEADER = YES;
				CLANG_WARN_RANGE_LOOP_ANALYSIS = YES;
				CLANG_WARN_STRICT_PROTOTYPES = YES;
				CLANG_WARN_SUSPICIOUS_MOVE = YES;
				CLANG_WARN_UNGUARDED_AVAILABILITY = YES_AGGRESSIVE;
				CLANG_WARN_UNREACHABLE_CODE = YES;
				CLANG_WARN__DUPLICATE_METHOD_MATCH = YES;
				COPY_PHASE_STRIP = NO;
				DEBUG_INFORMATION_FORMAT = dwarf;
				ENABLE_STRICT_OBJC_MSGSEND = YES;
				ENABLE_TESTABILITY = YES;
				GCC_C_LANGUAGE_STANDARD = gnu11;
				GCC_DYNAMIC_NO_PIC = NO;
				GCC_NO_COMMON_BLOCKS = YES;
				GCC_OPTIMIZATION_LEVEL = 0;
				GCC_PREPROCESSOR_DEFINITIONS = (
					"DEBUG=1",
					"$(inherited)",
				);
				GCC_WARN_64_TO_32_BIT_CONVERSION = YES;
				GCC_WARN_ABOUT_RETURN_TYPE = YES_ERROR;
				GCC_WARN_UNDECLARED_SELECTOR = YES;
				GCC_WARN_UNINITIALIZED_AUTOS = YES_AGGRESSIVE;
				GCC_WARN_UNUSED_FUNCTION = YES;
				GCC_WARN_UNUSED_VARIABLE = YES;
				IPHONEOS_DEPLOYMENT_TARGET = 14.4;
				MTL_ENABLE_DEBUG_INFO = INCLUDE_SOURCE;
				MTL_FAST_MATH = YES;
				ONLY_ACTIVE_ARCH = YES;
				SDKROOT = iphoneos;
				SWIFT_ACTIVE_COMPILATION_CONDITIONS = DEBUG;
				SWIFT_OPTIMIZATION_LEVEL = "-Onone";
			};
			name = Debug;
		};
		33A273F9266905F000F04A9F /* Release */ = {
			isa = XCBuildConfiguration;
			buildSettings = {
				ALWAYS_SEARCH_USER_PATHS = NO;
				CLANG_ANALYZER_NONNULL = YES;
				CLANG_ANALYZER_NUMBER_OBJECT_CONVERSION = YES_AGGRESSIVE;
				CLANG_CXX_LANGUAGE_STANDARD = "gnu++14";
				CLANG_CXX_LIBRARY = "libc++";
				CLANG_ENABLE_MODULES = YES;
				CLANG_ENABLE_OBJC_ARC = YES;
				CLANG_ENABLE_OBJC_WEAK = YES;
				CLANG_WARN_BLOCK_CAPTURE_AUTORELEASING = YES;
				CLANG_WARN_BOOL_CONVERSION = YES;
				CLANG_WARN_COMMA = YES;
				CLANG_WARN_CONSTANT_CONVERSION = YES;
				CLANG_WARN_DEPRECATED_OBJC_IMPLEMENTATIONS = YES;
				CLANG_WARN_DIRECT_OBJC_ISA_USAGE = YES_ERROR;
				CLANG_WARN_DOCUMENTATION_COMMENTS = YES;
				CLANG_WARN_EMPTY_BODY = YES;
				CLANG_WARN_ENUM_CONVERSION = YES;
				CLANG_WARN_INFINITE_RECURSION = YES;
				CLANG_WARN_INT_CONVERSION = YES;
				CLANG_WARN_NON_LITERAL_NULL_CONVERSION = YES;
				CLANG_WARN_OBJC_IMPLICIT_RETAIN_SELF = YES;
				CLANG_WARN_OBJC_LITERAL_CONVERSION = YES;
				CLANG_WARN_OBJC_ROOT_CLASS = YES_ERROR;
				CLANG_WARN_QUOTED_INCLUDE_IN_FRAMEWORK_HEADER = YES;
				CLANG_WARN_RANGE_LOOP_ANALYSIS = YES;
				CLANG_WARN_STRICT_PROTOTYPES = YES;
				CLANG_WARN_SUSPICIOUS_MOVE = YES;
				CLANG_WARN_UNGUARDED_AVAILABILITY = YES_AGGRESSIVE;
				CLANG_WARN_UNREACHABLE_CODE = YES;
				CLANG_WARN__DUPLICATE_METHOD_MATCH = YES;
				COPY_PHASE_STRIP = NO;
				DEBUG_INFORMATION_FORMAT = "dwarf-with-dsym";
				ENABLE_NS_ASSERTIONS = NO;
				ENABLE_STRICT_OBJC_MSGSEND = YES;
				GCC_C_LANGUAGE_STANDARD = gnu11;
				GCC_NO_COMMON_BLOCKS = YES;
				GCC_WARN_64_TO_32_BIT_CONVERSION = YES;
				GCC_WARN_ABOUT_RETURN_TYPE = YES_ERROR;
				GCC_WARN_UNDECLARED_SELECTOR = YES;
				GCC_WARN_UNINITIALIZED_AUTOS = YES_AGGRESSIVE;
				GCC_WARN_UNUSED_FUNCTION = YES;
				GCC_WARN_UNUSED_VARIABLE = YES;
				IPHONEOS_DEPLOYMENT_TARGET = 14.4;
				MTL_ENABLE_DEBUG_INFO = NO;
				MTL_FAST_MATH = YES;
				SDKROOT = iphoneos;
				SWIFT_COMPILATION_MODE = wholemodule;
				SWIFT_OPTIMIZATION_LEVEL = "-O";
				VALIDATE_PRODUCT = YES;
			};
			name = Release;
		};
		33A273FB266905F000F04A9F /* Debug */ = {
			isa = XCBuildConfiguration;
			buildSettings = {
				ASSETCATALOG_COMPILER_APPICON_NAME = AppIcon;
				ASSETCATALOG_COMPILER_GLOBAL_ACCENT_COLOR_NAME = AccentColor;
				CODE_SIGN_STYLE = Automatic;
				DEVELOPMENT_TEAM = 3A76ZXQB3J;
				INFOPLIST_FILE = MemoApp/Info.plist;
				LD_RUNPATH_SEARCH_PATHS = (
					"$(inherited)",
					"@executable_path/Frameworks",
				);
				PRODUCT_BUNDLE_IDENTIFIER = com.test.MemoApp;
				PRODUCT_NAME = "$(TARGET_NAME)";
				SWIFT_VERSION = 5.0;
				TARGETED_DEVICE_FAMILY = "1,2";
			};
			name = Debug;
		};
		33A273FC266905F000F04A9F /* Release */ = {
			isa = XCBuildConfiguration;
			buildSettings = {
				ASSETCATALOG_COMPILER_APPICON_NAME = AppIcon;
				ASSETCATALOG_COMPILER_GLOBAL_ACCENT_COLOR_NAME = AccentColor;
				CODE_SIGN_STYLE = Automatic;
				DEVELOPMENT_TEAM = 3A76ZXQB3J;
				INFOPLIST_FILE = MemoApp/Info.plist;
				LD_RUNPATH_SEARCH_PATHS = (
					"$(inherited)",
					"@executable_path/Frameworks",
				);
				PRODUCT_BUNDLE_IDENTIFIER = com.test.MemoApp;
				PRODUCT_NAME = "$(TARGET_NAME)";
				SWIFT_VERSION = 5.0;
				TARGETED_DEVICE_FAMILY = "1,2";
			};
			name = Release;
		};
		33A273FE266905F000F04A9F /* Debug */ = {
			isa = XCBuildConfiguration;
			buildSettings = {
				ALWAYS_EMBED_SWIFT_STANDARD_LIBRARIES = YES;
				BUNDLE_LOADER = "$(TEST_HOST)";
				CODE_SIGN_STYLE = Automatic;
				INFOPLIST_FILE = MemoAppTests/Info.plist;
				IPHONEOS_DEPLOYMENT_TARGET = 14.4;
				LD_RUNPATH_SEARCH_PATHS = (
					"$(inherited)",
					"@executable_path/Frameworks",
					"@loader_path/Frameworks",
				);
				PRODUCT_BUNDLE_IDENTIFIER = com.test.MemoAppTests;
				PRODUCT_NAME = "$(TARGET_NAME)";
				SWIFT_VERSION = 5.0;
				TARGETED_DEVICE_FAMILY = "1,2";
				TEST_HOST = "$(BUILT_PRODUCTS_DIR)/MemoApp.app/MemoApp";
			};
			name = Debug;
		};
		33A273FF266905F000F04A9F /* Release */ = {
			isa = XCBuildConfiguration;
			buildSettings = {
				ALWAYS_EMBED_SWIFT_STANDARD_LIBRARIES = YES;
				BUNDLE_LOADER = "$(TEST_HOST)";
				CODE_SIGN_STYLE = Automatic;
				INFOPLIST_FILE = MemoAppTests/Info.plist;
				IPHONEOS_DEPLOYMENT_TARGET = 14.4;
				LD_RUNPATH_SEARCH_PATHS = (
					"$(inherited)",
					"@executable_path/Frameworks",
					"@loader_path/Frameworks",
				);
				PRODUCT_BUNDLE_IDENTIFIER = com.test.MemoAppTests;
				PRODUCT_NAME = "$(TARGET_NAME)";
				SWIFT_VERSION = 5.0;
				TARGETED_DEVICE_FAMILY = "1,2";
				TEST_HOST = "$(BUILT_PRODUCTS_DIR)/MemoApp.app/MemoApp";
			};
			name = Release;
		};
		33A27401266905F000F04A9F /* Debug */ = {
			isa = XCBuildConfiguration;
			buildSettings = {
				ALWAYS_EMBED_SWIFT_STANDARD_LIBRARIES = YES;
				CODE_SIGN_STYLE = Automatic;
				INFOPLIST_FILE = MemoAppUITests/Info.plist;
				LD_RUNPATH_SEARCH_PATHS = (
					"$(inherited)",
					"@executable_path/Frameworks",
					"@loader_path/Frameworks",
				);
				PRODUCT_BUNDLE_IDENTIFIER = com.test.MemoAppUITests;
				PRODUCT_NAME = "$(TARGET_NAME)";
				SWIFT_VERSION = 5.0;
				TARGETED_DEVICE_FAMILY = "1,2";
				TEST_TARGET_NAME = MemoApp;
			};
			name = Debug;
		};
		33A27402266905F000F04A9F /* Release */ = {
			isa = XCBuildConfiguration;
			buildSettings = {
				ALWAYS_EMBED_SWIFT_STANDARD_LIBRARIES = YES;
				CODE_SIGN_STYLE = Automatic;
				INFOPLIST_FILE = MemoAppUITests/Info.plist;
				LD_RUNPATH_SEARCH_PATHS = (
					"$(inherited)",
					"@executable_path/Frameworks",
					"@loader_path/Frameworks",
				);
				PRODUCT_BUNDLE_IDENTIFIER = com.test.MemoAppUITests;
				PRODUCT_NAME = "$(TARGET_NAME)";
				SWIFT_VERSION = 5.0;
				TARGETED_DEVICE_FAMILY = "1,2";
				TEST_TARGET_NAME = MemoApp;
			};
			name = Release;
		};
/* End XCBuildConfiguration section */

/* Begin XCConfigurationList section */
		33A273CB266905EE00F04A9F /* Build configuration list for PBXProject "MemoApp" */ = {
			isa = XCConfigurationList;
			buildConfigurations = (
				33A273F8266905F000F04A9F /* Debug */,
				33A273F9266905F000F04A9F /* Release */,
			);
			defaultConfigurationIsVisible = 0;
			defaultConfigurationName = Release;
		};
		33A273FA266905F000F04A9F /* Build configuration list for PBXNativeTarget "MemoApp" */ = {
			isa = XCConfigurationList;
			buildConfigurations = (
				33A273FB266905F000F04A9F /* Debug */,
				33A273FC266905F000F04A9F /* Release */,
			);
			defaultConfigurationIsVisible = 0;
			defaultConfigurationName = Release;
		};
		33A273FD266905F000F04A9F /* Build configuration list for PBXNativeTarget "MemoAppTests" */ = {
			isa = XCConfigurationList;
			buildConfigurations = (
				33A273FE266905F000F04A9F /* Debug */,
				33A273FF266905F000F04A9F /* Release */,
			);
			defaultConfigurationIsVisible = 0;
			defaultConfigurationName = Release;
		};
		33A27400266905F000F04A9F /* Build configuration list for PBXNativeTarget "MemoAppUITests" */ = {
			isa = XCConfigurationList;
			buildConfigurations = (
				33A27401266905F000F04A9F /* Debug */,
				33A27402266905F000F04A9F /* Release */,
			);
			defaultConfigurationIsVisible = 0;
			defaultConfigurationName = Release;
		};
/* End XCConfigurationList section */
	};
	rootObject = 33A273C8266905EE00F04A9F /* Project object */;
}
